<?xml version="1.0" encoding="utf-8"?>
<Project ToolsVersion="4.0" xmlns="http://schemas.microsoft.com/developer/msbuild/2003">
  <ItemGroup>
    <Filter Include="jpeg-6">
      <UniqueIdentifier>{be59fb10-0a86-4e8d-a0e3-f6029f24da5d}</UniqueIdentifier>
    </Filter>
    <Filter Include="zlib">
      <UniqueIdentifier>{2d5b407e-8075-4eda-b4d1-1327db0580c6}</UniqueIdentifier>
    </Filter>
  </ItemGroup>
  <ItemGroup>
    <ClCompile Include="..\external\zlib\adler32.c" />
    <ClCompile Include="..\external\zlib\compress.c" />
    <ClCompile Include="..\external\zlib\crc32.c" />
    <ClCompile Include="..\external\zlib\deflate.c" />
    <ClCompile Include="..\external\zlib\gzio.c" />
    <ClCompile Include="..\external\zlib\infback.c" />
    <ClCompile Include="..\external\zlib\inffast.c" />
    <ClCompile Include="..\external\zlib\inflate.c" />
    <ClCompile Include="..\external\zlib\inftrees.c" />
    <ClCompile Include="..\external\zlib\minigzip.c" />
    <ClCompile Include="..\external\zlib\trees.c" />
    <ClCompile Include="..\external\zlib\uncompr.c" />
    <ClCompile Include="..\external\zlib\zutil.c" />
    <ClCompile Include="..\external\jpeg-6\src\jcapimin.cpp">
      <Filter>jpeg-6</Filter>
    </ClCompile>
    <ClCompile Include="..\external\jpeg-6\src\jccoefct.cpp">
      <Filter>jpeg-6</Filter>
    </ClCompile>
    <ClCompile Include="..\external\jpeg-6\src\jccolor.cpp">
      <Filter>jpeg-6</Filter>
    </ClCompile>
    <ClCompile Include="..\external\jpeg-6\src\jcdctmgr.cpp">
      <Filter>jpeg-6</Filter>
    </ClCompile>
    <ClCompile Include="..\external\jpeg-6\src\jchuff.cpp">
      <Filter>jpeg-6</Filter>
    </ClCompile>
    <ClCompile Include="..\external\jpeg-6\src\jcinit.cpp">
      <Filter>jpeg-6</Filter>
    </ClCompile>
    <ClCompile Include="..\external\jpeg-6\src\jcmainct.cpp">
      <Filter>jpeg-6</Filter>
    </ClCompile>
    <ClCompile Include="..\external\jpeg-6\src\jcmarker.cpp">
      <Filter>jpeg-6</Filter>
    </ClCompile>
    <ClCompile Include="..\external\jpeg-6\src\jcmaster.cpp">
      <Filter>jpeg-6</Filter>
    </ClCompile>
    <ClCompile Include="..\external\jpeg-6\src\jcomapi.cpp">
      <Filter>jpeg-6</Filter>
    </ClCompile>
    <ClCompile Include="..\external\jpeg-6\src\jcparam.cpp">
      <Filter>jpeg-6</Filter>
    </ClCompile>
    <ClCompile Include="..\external\jpeg-6\src\jcphuff.cpp">
      <Filter>jpeg-6</Filter>
    </ClCompile>
    <ClCompile Include="..\external\jpeg-6\src\jcprepct.cpp">
      <Filter>jpeg-6</Filter>
    </ClCompile>
    <ClCompile Include="..\external\jpeg-6\src\jcsample.cpp">
      <Filter>jpeg-6</Filter>
    </ClCompile>
    <ClCompile Include="..\external\jpeg-6\src\jdapimin.cpp">
      <Filter>jpeg-6</Filter>
    </ClCompile>
    <ClCompile Include="..\external\jpeg-6\src\jdapistd.cpp">
      <Filter>jpeg-6</Filter>
    </ClCompile>
    <ClCompile Include="..\external\jpeg-6\src\jdatadst.cpp">
      <Filter>jpeg-6</Filter>
    </ClCompile>
    <ClCompile Include="..\external\jpeg-6\src\jdatasrc.cpp">
      <Filter>jpeg-6</Filter>
    </ClCompile>
    <ClCompile Include="..\external\jpeg-6\src\jdcoefct.cpp">
      <Filter>jpeg-6</Filter>
    </ClCompile>
    <ClCompile Include="..\external\jpeg-6\src\jdcolor.cpp">
      <Filter>jpeg-6</Filter>
    </ClCompile>
    <ClCompile Include="..\external\jpeg-6\src\jddctmgr.cpp">
      <Filter>jpeg-6</Filter>
    </ClCompile>
    <ClCompile Include="..\external\jpeg-6\src\jdhuff.cpp">
      <Filter>jpeg-6</Filter>
    </ClCompile>
    <ClCompile Include="..\external\jpeg-6\src\jdinput.cpp">
      <Filter>jpeg-6</Filter>
    </ClCompile>
    <ClCompile Include="..\external\jpeg-6\src\jdmainct.cpp">
      <Filter>jpeg-6</Filter>
    </ClCompile>
    <ClCompile Include="..\external\jpeg-6\src\jdmarker.cpp">
      <Filter>jpeg-6</Filter>
    </ClCompile>
    <ClCompile Include="..\external\jpeg-6\src\jdmaster.cpp">
      <Filter>jpeg-6</Filter>
    </ClCompile>
    <ClCompile Include="..\external\jpeg-6\src\jdmerge.cpp">
      <Filter>jpeg-6</Filter>
    </ClCompile>
    <ClCompile Include="..\external\jpeg-6\src\jdphuff.cpp">
      <Filter>jpeg-6</Filter>
    </ClCompile>
    <ClCompile Include="..\external\jpeg-6\src\jdpostct.cpp">
      <Filter>jpeg-6</Filter>
    </ClCompile>
    <ClCompile Include="..\external\jpeg-6\src\jdsample.cpp">
      <Filter>jpeg-6</Filter>
    </ClCompile>
    <ClCompile Include="..\external\jpeg-6\src\jdtrans.cpp">
      <Filter>jpeg-6</Filter>
    </ClCompile>
    <ClCompile Include="..\external\jpeg-6\src\jerror.cpp">
      <Filter>jpeg-6</Filter>
    </ClCompile>
    <ClCompile Include="..\external\jpeg-6\src\jfdctflt.cpp">
      <Filter>jpeg-6</Filter>
    </ClCompile>
    <ClCompile Include="..\external\jpeg-6\src\jfdctfst.cpp">
      <Filter>jpeg-6</Filter>
    </ClCompile>
    <ClCompile Include="..\external\jpeg-6\src\jfdctint.cpp">
      <Filter>jpeg-6</Filter>
    </ClCompile>
    <ClCompile Include="..\external\jpeg-6\src\jidctflt.cpp">
      <Filter>jpeg-6</Filter>
    </ClCompile>
    <ClCompile Include="..\external\jpeg-6\src\jidctfst.cpp">
      <Filter>jpeg-6</Filter>
    </ClCompile>
    <ClCompile Include="..\external\jpeg-6\src\jidctint.cpp">
      <Filter>jpeg-6</Filter>
    </ClCompile>
    <ClCompile Include="..\external\jpeg-6\src\jidctred.cpp">
      <Filter>jpeg-6</Filter>
    </ClCompile>
    <ClCompile Include="..\external\jpeg-6\src\jmemmgr.cpp">
      <Filter>jpeg-6</Filter>
    </ClCompile>
    <ClCompile Include="..\external\jpeg-6\src\jmemnobs.cpp">
      <Filter>jpeg-6</Filter>
    </ClCompile>
    <ClCompile Include="..\external\jpeg-6\src\jquant1.cpp">
      <Filter>jpeg-6</Filter>
    </ClCompile>
    <ClCompile Include="..\external\jpeg-6\src\jquant2.cpp">
      <Filter>jpeg-6</Filter>
    </ClCompile>
    <ClCompile Include="..\external\jpeg-6\src\jutils.cpp">
      <Filter>jpeg-6</Filter>
    </ClCompile>
  </ItemGroup>
</Project>